# This file is automatically @generated by Poetry 2.2.1 and should not be changed by hand.

[[package]]
name = "nexus-rpc"
version = "1.1.0"
description = "Nexus Python SDK"
optional = false
python-versions = ">=3.9"
groups = ["main"]
files = [
    {file = "nexus_rpc-1.1.0-py3-none-any.whl", hash = "sha256:d1b007af2aba186a27e736f8eaae39c03aed05b488084ff6c3d1785c9ba2ad38"},
    {file = "nexus_rpc-1.1.0.tar.gz", hash = "sha256:d65ad6a2f54f14e53ebe39ee30555eaeb894102437125733fb13034a04a44553"},
]

[package.dependencies]
typing-extensions = ">=4.12.2"

[[package]]
name = "protobuf"
version = "6.33.1"
description = ""
optional = false
python-versions = ">=3.9"
groups = ["main"]
files = [
    {file = "protobuf-6.33.1-cp310-abi3-win32.whl", hash = "sha256:f8d3fdbc966aaab1d05046d0240dd94d40f2a8c62856d41eaa141ff64a79de6b"},
    {file = "protobuf-6.33.1-cp310-abi3-win_amd64.whl", hash = "sha256:923aa6d27a92bf44394f6abf7ea0500f38769d4b07f4be41cb52bd8b1123b9ed"},
    {file = "protobuf-6.33.1-cp39-abi3-macosx_10_9_universal2.whl", hash = "sha256:fe34575f2bdde76ac429ec7b570235bf0c788883e70aee90068e9981806f2490"},
    {file = "protobuf-6.33.1-cp39-abi3-manylinux2014_aarch64.whl", hash = "sha256:f8adba2e44cde2d7618996b3fc02341f03f5bc3f2748be72dc7b063319276178"},
    {file = "protobuf-6.33.1-cp39-abi3-manylinux2014_s390x.whl", hash = "sha256:0f4cf01222c0d959c2b399142deb526de420be8236f22c71356e2a544e153c53"},
    {file = "protobuf-6.33.1-cp39-abi3-manylinux2014_x86_64.whl", hash = "sha256:8fd7d5e0eb08cd5b87fd3df49bc193f5cfd778701f47e11d127d0afc6c39f1d1"},
    {file = "protobuf-6.33.1-cp39-cp39-win32.whl", hash = "sha256:023af8449482fa884d88b4563d85e83accab54138ae098924a985bcbb734a213"},
    {file = "protobuf-6.33.1-cp39-cp39-win_amd64.whl", hash = "sha256:df051de4fd7e5e4371334e234c62ba43763f15ab605579e04c7008c05735cd82"},
    {file = "protobuf-6.33.1-py3-none-any.whl", hash = "sha256:d595a9fd694fdeb061a62fbe10eb039cc1e444df81ec9bb70c7fc59ebcb1eafa"},
    {file = "protobuf-6.33.1.tar.gz", hash = "sha256:97f65757e8d09870de6fd973aeddb92f85435607235d20b2dfed93405d00c85b"},
]

[[package]]
name = "python-dateutil"
version = "2.9.0.post0"
description = "Extensions to the standard Python datetime module"
optional = false
python-versions = "!=3.0.*,!=3.1.*,!=3.2.*,>=2.7"
groups = ["main"]
markers = "python_full_version < \"3.11.0\""
files = [
    {file = "python-dateutil-2.9.0.post0.tar.gz", hash = "sha256:37dd54208da7e1cd875388217d5e00ebd4179249f90fb72437e91a35459a0ad3"},
    {file = "python_dateutil-2.9.0.post0-py2.py3-none-any.whl", hash = "sha256:a8b2bc7bffae282281c8140a97d3aa9c14da0b136dfe83f850eea9a5f7470427"},
]

[package.dependencies]
six = ">=1.5"

[[package]]
name = "six"
version = "1.17.0"
description = "Python 2 and 3 compatibility utilities"
optional = false
python-versions = "!=3.0.*,!=3.1.*,!=3.2.*,>=2.7"
groups = ["main"]
markers = "python_full_version < \"3.11.0\""
files = [
    {file = "six-1.17.0-py2.py3-none-any.whl", hash = "sha256:4721f391ed90541fddacab5acf947aa0d3dc7d27b2e1e8eda2be8970586c3274"},
    {file = "six-1.17.0.tar.gz", hash = "sha256:ff70335d468e7eb6ec65b95b99d3a2836546063f63acc5171de367e834932a81"},
]

[[package]]
name = "sll-neural-network"
version = "0.1.0"
description = ""
optional = false
python-versions = ">=3.9"
groups = ["main"]
files = []
develop = false

[package.source]
type = "git"
url = "https://github.com/sophie-la-li/python-ml-learning.git"
reference = "HEAD"
resolved_reference = "25a0ae862076eae1d6ba19d9d75fe9e5753b407f"

[[package]]
name = "temporalio"
version = "1.18.2"
description = "Temporal.io Python SDK"
optional = false
python-versions = ">=3.9"
groups = ["main"]
files = [
    {file = "temporalio-1.18.2-cp39-abi3-macosx_10_12_x86_64.whl", hash = "sha256:b97f046b23a492b0a3956dffce3664ed44ca1f3577df6aa4b8023ec988f5d093"},
    {file = "temporalio-1.18.2-cp39-abi3-macosx_11_0_arm64.whl", hash = "sha256:dac1203ebabae3268bc0b43b8c841e6f9102893c616488a278bc5d06043b76e5"},
    {file = "temporalio-1.18.2-cp39-abi3-manylinux_2_17_aarch64.manylinux2014_aarch64.whl", hash = "sha256:f45b124099dbbe32a76a4df0d851db2ad94e6725f778fd74fccc8d33ee4868e9"},
    {file = "temporalio-1.18.2-cp39-abi3-manylinux_2_17_x86_64.manylinux2014_x86_64.whl", hash = "sha256:d427a398f6f402920e9f78d571b7d7a72876244d5affeaeaec8843c34013e84e"},
    {file = "temporalio-1.18.2-cp39-abi3-win_amd64.whl", hash = "sha256:7e1f3da98cf23af7094467f1c1180374a10c38aa712cd7e868e15412dd2c6cde"},
    {file = "temporalio-1.18.2.tar.gz", hash = "sha256:b6ecb43562988ac698eef155d9c2527fa6c53a2ae564cb4787421499a0269599"},
]

[package.dependencies]
nexus-rpc = "1.1.0"
protobuf = ">=3.20,<7.0.0"
python-dateutil = {version = ">=2.8.2,<3", markers = "python_full_version < \"3.11.0\""}
types-protobuf = ">=3.20"
typing-extensions = ">=4.2.0,<5"

[package.extras]
grpc = ["grpcio (>=1.48.2,<2)"]
openai-agents = ["eval-type-backport (>=0.2.2) ; python_full_version < \"3.10.0\"", "mcp (>=1.9.4,<2) ; python_full_version >= \"3.10.0\"", "openai-agents (>=0.3,<0.4)"]
opentelemetry = ["opentelemetry-api (>=1.11.1,<2)", "opentelemetry-sdk (>=1.11.1,<2)"]
pydantic = ["pydantic (>=2.0.0,<3)"]

[[package]]
name = "types-protobuf"
version = "6.32.1.20251105"
description = "Typing stubs for protobuf"
optional = false
python-versions = ">=3.9"
groups = ["main"]
files = [
    {file = "types_protobuf-6.32.1.20251105-py3-none-any.whl", hash = "sha256:a15109d38f7cfefd2539ef86d3f93a6a41c7cad53924f8aa1a51eaddbb72a660"},
    {file = "types_protobuf-6.32.1.20251105.tar.gz", hash = "sha256:641002611ff87dd9fedc38a39a29cacb9907ae5ce61489b53e99ca2074bef764"},
]

[[package]]
name = "typing-extensions"
version = "4.15.0"
description = "Backported and Experimental Type Hints for Python 3.9+"
optional = false
python-versions = ">=3.9"
groups = ["main"]
files = [
    {file = "typing_extensions-4.15.0-py3-none-any.whl", hash = "sha256:f0fa19c6845758ab08074a0cfa8b7aecb71c999ca73d62883bc25cc018c4e548"},
    {file = "typing_extensions-4.15.0.tar.gz", hash = "sha256:0cea48d173cc12fa28ecabc3b837ea3cf6f38c6d1136f85cbaaf598984861466"},
]

[metadata]
lock-version = "2.1"
python-versions = ">=3.9"
content-hash = "a5a1566d2c4edeb5a2972e24304d8eeecbd48a5376db03b76d70bf90da4a69c6"
